
Microsoft Visual Studio Solution File, Format Version 12.00
# Visual Studio Version 17
VisualStudioVersion = 17.14.36623.8 d17.14
MinimumVisualStudioVersion = 10.0.40219.1
Project("{FAE04EC0-301F-11D3-BF4B-00C04F79EFBC}") = "cours01", "cours01.csproj", "{568929FA-2AB8-444B-8E1F-3C8EC6A2236B}"
EndProject
Global
	GlobalSection(SolutionConfigurationPlatforms) = preSolution
		Debug|Any CPU = Debug|Any CPU
		Release|Any CPU = Release|Any CPU
	EndGlobalSection
	GlobalSection(ProjectConfigurationPlatforms) = postSolution
		{568929FA-2AB8-444B-8E1F-3C8EC6A2236B}.Debug|Any CPU.ActiveCfg = Debug|Any CPU
		{568929FA-2AB8-444B-8E1F-3C8EC6A2236B}.Debug|Any CPU.Build.0 = Debug|Any CPU
		{568929FA-2AB8-444B-8E1F-3C8EC6A2236B}.Release|Any CPU.ActiveCfg = Release|Any CPU
		{568929FA-2AB8-444B-8E1F-3C8EC6A2236B}.Release|Any CPU.Build.0 = Release|Any CPU
	EndGlobalSection
	GlobalSection(SolutionProperties) = preSolution
		HideSolutionNode = FALSE
	EndGlobalSection
	GlobalSection(ExtensibilityGlobals) = postSolution
		SolutionGuid = {3C7822A8-AC5E-46BA-926F-EA5F8D9A8672}
	EndGlobalSection
EndGlobal
