
Microsoft Visual Studio Solution File, Format Version 12.00
# Visual Studio Version 17
VisualStudioVersion = 17.14.36623.8 d17.14
MinimumVisualStudioVersion = 10.0.40219.1
Project("{FAE04EC0-301F-11D3-BF4B-00C04F79EFBC}") = "Template", "Template.csproj", "{1C8A4D16-F801-4DF5-B6DB-57BEF04E26E1}"
EndProject
Global
	GlobalSection(SolutionConfigurationPlatforms) = preSolution
		Debug|Any CPU = Debug|Any CPU
		Release|Any CPU = Release|Any CPU
	EndGlobalSection
	GlobalSection(ProjectConfigurationPlatforms) = postSolution
		{1C8A4D16-F801-4DF5-B6DB-57BEF04E26E1}.Debug|Any CPU.ActiveCfg = Debug|Any CPU
		{1C8A4D16-F801-4DF5-B6DB-57BEF04E26E1}.Debug|Any CPU.Build.0 = Debug|Any CPU
		{1C8A4D16-F801-4DF5-B6DB-57BEF04E26E1}.Release|Any CPU.ActiveCfg = Release|Any CPU
		{1C8A4D16-F801-4DF5-B6DB-57BEF04E26E1}.Release|Any CPU.Build.0 = Release|Any CPU
	EndGlobalSection
	GlobalSection(SolutionProperties) = preSolution
		HideSolutionNode = FALSE
	EndGlobalSection
	GlobalSection(ExtensibilityGlobals) = postSolution
		SolutionGuid = {EB99BE30-A9C1-45BA-A436-4F27AF114496}
	EndGlobalSection
EndGlobal
