
Microsoft Visual Studio Solution File, Format Version 12.00
# Visual Studio Version 17
VisualStudioVersion = 17.14.36623.8 d17.14
MinimumVisualStudioVersion = 10.0.40219.1
Project("{FAE04EC0-301F-11D3-BF4B-00C04F79EFBC}") = "ViewChangeV2", "ViewChangeV2.csproj", "{061A125A-E314-428A-98C7-F91920282BE8}"
EndProject
Global
	GlobalSection(SolutionConfigurationPlatforms) = preSolution
		Debug|Any CPU = Debug|Any CPU
		Release|Any CPU = Release|Any CPU
	EndGlobalSection
	GlobalSection(ProjectConfigurationPlatforms) = postSolution
		{061A125A-E314-428A-98C7-F91920282BE8}.Debug|Any CPU.ActiveCfg = Debug|Any CPU
		{061A125A-E314-428A-98C7-F91920282BE8}.Debug|Any CPU.Build.0 = Debug|Any CPU
		{061A125A-E314-428A-98C7-F91920282BE8}.Release|Any CPU.ActiveCfg = Release|Any CPU
		{061A125A-E314-428A-98C7-F91920282BE8}.Release|Any CPU.Build.0 = Release|Any CPU
	EndGlobalSection
	GlobalSection(SolutionProperties) = preSolution
		HideSolutionNode = FALSE
	EndGlobalSection
	GlobalSection(ExtensibilityGlobals) = postSolution
		SolutionGuid = {1A706C32-5E12-4B5F-A401-DD3148EEB261}
	EndGlobalSection
EndGlobal
