
Microsoft Visual Studio Solution File, Format Version 12.00
# Visual Studio Version 17
VisualStudioVersion = 17.14.36623.8 d17.14
MinimumVisualStudioVersion = 10.0.40219.1
Project("{FAE04EC0-301F-11D3-BF4B-00C04F79EFBC}") = "TP02", "TP02.csproj", "{BCABE785-F76C-42C5-8303-2E8C1C00AE8A}"
EndProject
Global
	GlobalSection(SolutionConfigurationPlatforms) = preSolution
		Debug|Any CPU = Debug|Any CPU
		Release|Any CPU = Release|Any CPU
	EndGlobalSection
	GlobalSection(ProjectConfigurationPlatforms) = postSolution
		{BCABE785-F76C-42C5-8303-2E8C1C00AE8A}.Debug|Any CPU.ActiveCfg = Debug|Any CPU
		{BCABE785-F76C-42C5-8303-2E8C1C00AE8A}.Debug|Any CPU.Build.0 = Debug|Any CPU
		{BCABE785-F76C-42C5-8303-2E8C1C00AE8A}.Release|Any CPU.ActiveCfg = Release|Any CPU
		{BCABE785-F76C-42C5-8303-2E8C1C00AE8A}.Release|Any CPU.Build.0 = Release|Any CPU
	EndGlobalSection
	GlobalSection(SolutionProperties) = preSolution
		HideSolutionNode = FALSE
	EndGlobalSection
	GlobalSection(ExtensibilityGlobals) = postSolution
		SolutionGuid = {970F5588-9576-4FA1-9543-732FAC95AFEE}
	EndGlobalSection
EndGlobal
