
Microsoft Visual Studio Solution File, Format Version 12.00
# Visual Studio Version 17
VisualStudioVersion = 17.14.36623.8 d17.14
MinimumVisualStudioVersion = 10.0.40219.1
Project("{FAE04EC0-301F-11D3-BF4B-00C04F79EFBC}") = "tp01", "tp01.csproj", "{B770529C-7300-4B52-9E24-7F14F42F0772}"
EndProject
Global
	GlobalSection(SolutionConfigurationPlatforms) = preSolution
		Debug|Any CPU = Debug|Any CPU
		Release|Any CPU = Release|Any CPU
	EndGlobalSection
	GlobalSection(ProjectConfigurationPlatforms) = postSolution
		{B770529C-7300-4B52-9E24-7F14F42F0772}.Debug|Any CPU.ActiveCfg = Debug|Any CPU
		{B770529C-7300-4B52-9E24-7F14F42F0772}.Debug|Any CPU.Build.0 = Debug|Any CPU
		{B770529C-7300-4B52-9E24-7F14F42F0772}.Release|Any CPU.ActiveCfg = Release|Any CPU
		{B770529C-7300-4B52-9E24-7F14F42F0772}.Release|Any CPU.Build.0 = Release|Any CPU
	EndGlobalSection
	GlobalSection(SolutionProperties) = preSolution
		HideSolutionNode = FALSE
	EndGlobalSection
	GlobalSection(ExtensibilityGlobals) = postSolution
		SolutionGuid = {7BC4C513-B669-4ED7-9DC0-E31B3E46259D}
	EndGlobalSection
EndGlobal
